
Microsoft Visual Studio Solution File, Format Version 12.00
# Visual Studio Version 17
VisualStudioVersion = 17.5.002.0
MinimumVisualStudioVersion = 10.0.40219.1
Project("{9A19103F-16F7-4668-BE54-9A1E7A4F7556}") = "Entity Framework", "Entity Framework.csproj", "{49F0FBCB-FCAB-4BE5-8DC0-85606C9C8D08}"
EndProject
Global
	GlobalSection(SolutionConfigurationPlatforms) = preSolution
		Debug|Any CPU = Debug|Any CPU
		Release|Any CPU = Release|Any CPU
	EndGlobalSection
	GlobalSection(ProjectConfigurationPlatforms) = postSolution
		{49F0FBCB-FCAB-4BE5-8DC0-85606C9C8D08}.Debug|Any CPU.ActiveCfg = Debug|Any CPU
		{49F0FBCB-FCAB-4BE5-8DC0-85606C9C8D08}.Debug|Any CPU.Build.0 = Debug|Any CPU
		{49F0FBCB-FCAB-4BE5-8DC0-85606C9C8D08}.Release|Any CPU.ActiveCfg = Release|Any CPU
		{49F0FBCB-FCAB-4BE5-8DC0-85606C9C8D08}.Release|Any CPU.Build.0 = Release|Any CPU
	EndGlobalSection
	GlobalSection(SolutionProperties) = preSolution
		HideSolutionNode = FALSE
	EndGlobalSection
	GlobalSection(ExtensibilityGlobals) = postSolution
		SolutionGuid = {AC628859-1F73-4270-B26C-7BDA367572AB}
	EndGlobalSection
EndGlobal
